
Microsoft Visual Studio Solution File, Format Version 12.00
# Visual Studio 15
Project("{FAE04EC0-301F-11D3-BF4B-00C04F79EFBC}") = "Assembly-CSharp", "Assembly-CSharp.csproj", "{046BFFDA-0549-03E8-1805-9564A2A643A8}"
EndProject
Project("{FAE04EC0-301F-11D3-BF4B-00C04F79EFBC}") = "Assembly-CSharp-firstpass", "Assembly-CSharp-firstpass.csproj", "{370EB042-6845-A17A-ED48-64091B6811E0}"
EndProject
Global
	GlobalSection(SolutionConfigurationPlatforms) = preSolution
		Debug|Any CPU = Debug|Any CPU
		Release|Any CPU = Release|Any CPU
	EndGlobalSection
	GlobalSection(ProjectConfigurationPlatforms) = postSolution
		{046BFFDA-0549-03E8-1805-9564A2A643A8}.Debug|Any CPU.ActiveCfg = Debug|Any CPU
		{046BFFDA-0549-03E8-1805-9564A2A643A8}.Debug|Any CPU.Build.0 = Debug|Any CPU
		{046BFFDA-0549-03E8-1805-9564A2A643A8}.Release|Any CPU.ActiveCfg = Release|Any CPU
		{046BFFDA-0549-03E8-1805-9564A2A643A8}.Release|Any CPU.Build.0 = Release|Any CPU
		{370EB042-6845-A17A-ED48-64091B6811E0}.Debug|Any CPU.ActiveCfg = Debug|Any CPU
		{370EB042-6845-A17A-ED48-64091B6811E0}.Debug|Any CPU.Build.0 = Debug|Any CPU
		{370EB042-6845-A17A-ED48-64091B6811E0}.Release|Any CPU.ActiveCfg = Release|Any CPU
		{370EB042-6845-A17A-ED48-64091B6811E0}.Release|Any CPU.Build.0 = Release|Any CPU
	EndGlobalSection
	GlobalSection(SolutionProperties) = preSolution
		HideSolutionNode = FALSE
	EndGlobalSection
EndGlobal
